{
    "_meta": {
        "hash": {
            "sha256": "68a6de88ae66b9d79de1e7f89764317dc71d94db983c4a90a9b2bdcec8e6d813"
        },
        "pipfile-spec": 6,
        "requires": {
            "python_version": "3.10"
        },
        "sources": [
            {
                "name": "pypi",
                "url": "https://pypi.org/simple",
                "verify_ssl": true
            }
        ]
    },
    "default": {
        "django-cockroachdb": {
            "hashes": [
                "sha256:04fb842d2462a10108552f56683d8fe0e99c60b85e35bd5ad08250251807868e",
                "sha256:f58d6fadf9b7e9d83309f842d0c8ea9b17d85405069f2b66982058a7ba3ba7d3"
            ],
            "index": "pypi",
            "version": "==4.2"
        },
        "psycopg": {
            "hashes": [
                "sha256:ab400f207a8c120bafdd8077916d8f6c0106e809401378708485b016508c30c9",
                "sha256:fbbac339274d8733ee70ba9822297af3e8871790a26e967b5ea53e30a4b74dcc"
            ],
            "index": "pypi",
            "version": "==3.1.9"
        },
        "typing-extensions": {
            "hashes": [
                "sha256:88a4153d8505aabbb4e13aacb7c486c2b4a33ca3b3f807914a9b4c844c471c26",
                "sha256:d91d5919357fe7f681a9f2b5b4cb2a5f1ef0a1e9f59c4d8ff0d3491e05c0ffd5"
            ],
            "markers": "python_version >= '3.7'",
            "version": "==4.6.3"
        },
        "tzdata": {
            "hashes": [
                "sha256:11ef1e08e54acb0d4f95bdb1be05da659673de4acbd21bf9c69e94cc5e907a3a",
                "sha256:7e65763eef3120314099b6939b5546db7adce1e7d6f2e179e3df563c70511eda"
            ],
            "markers": "sys_platform == 'win32'",
            "version": "==2023.3"
        }
    },
    "develop": {}
}
